
Microsoft Visual Studio Solution File, Format Version 12.00
# Visual Studio Version 17
VisualStudioVersion = 17.11.35312.102
MinimumVisualStudioVersion = 10.0.40219.1
Project("{888888A0-9F3D-457C-B088-3A5042F75D52}") = "dyPY", "dyPY\dyPY.pyproj", "{1392A83F-AA52-40B8-AAA6-DC746D716341}"
EndProject
Global
	GlobalSection(SolutionConfigurationPlatforms) = preSolution
		Debug|Any CPU = Debug|Any CPU
		Release|Any CPU = Release|Any CPU
	EndGlobalSection
	GlobalSection(ProjectConfigurationPlatforms) = postSolution
		{1392A83F-AA52-40B8-AAA6-DC746D716341}.Debug|Any CPU.ActiveCfg = Debug|Any CPU
		{1392A83F-AA52-40B8-AAA6-DC746D716341}.Release|Any CPU.ActiveCfg = Release|Any CPU
	EndGlobalSection
	GlobalSection(SolutionProperties) = preSolution
		HideSolutionNode = FALSE
	EndGlobalSection
	GlobalSection(ExtensibilityGlobals) = postSolution
		SolutionGuid = {658FCF74-C78F-4A9B-93AF-4D0EDF7FD02F}
	EndGlobalSection
EndGlobal
